
Microsoft Visual Studio Solution File, Format Version 12.00
# Visual Studio Version 16
VisualStudioVersion = 16.0.30204.135
MinimumVisualStudioVersion = 10.0.40219.1
Project("{FAE04EC0-301F-11D3-BF4B-00C04F79EFBC}") = "Endscript", "Endscript\Endscript.csproj", "{C5E2A099-71F2-47B6-8411-FA63CEE3DC88}"
EndProject
Project("{9A19103F-16F7-4668-BE54-9A1E7A4F7556}") = "Nikki", "..\Nikki\Nikki\Nikki.csproj", "{DED476DA-0872-4447-9159-E5A79CC5930F}"
EndProject
Global
	GlobalSection(SolutionConfigurationPlatforms) = preSolution
		Debug|Any CPU = Debug|Any CPU
		Release|Any CPU = Release|Any CPU
	EndGlobalSection
	GlobalSection(ProjectConfigurationPlatforms) = postSolution
		{C5E2A099-71F2-47B6-8411-FA63CEE3DC88}.Debug|Any CPU.ActiveCfg = Debug|Any CPU
		{C5E2A099-71F2-47B6-8411-FA63CEE3DC88}.Debug|Any CPU.Build.0 = Debug|Any CPU
		{C5E2A099-71F2-47B6-8411-FA63CEE3DC88}.Release|Any CPU.ActiveCfg = Release|Any CPU
		{C5E2A099-71F2-47B6-8411-FA63CEE3DC88}.Release|Any CPU.Build.0 = Release|Any CPU
		{DED476DA-0872-4447-9159-E5A79CC5930F}.Debug|Any CPU.ActiveCfg = Debug|Any CPU
		{DED476DA-0872-4447-9159-E5A79CC5930F}.Debug|Any CPU.Build.0 = Debug|Any CPU
		{DED476DA-0872-4447-9159-E5A79CC5930F}.Release|Any CPU.ActiveCfg = Release|Any CPU
		{DED476DA-0872-4447-9159-E5A79CC5930F}.Release|Any CPU.Build.0 = Release|Any CPU
	EndGlobalSection
	GlobalSection(SolutionProperties) = preSolution
		HideSolutionNode = FALSE
	EndGlobalSection
	GlobalSection(ExtensibilityGlobals) = postSolution
		SolutionGuid = {A161A80F-76CD-469D-82B5-6A0260B917FD}
	EndGlobalSection
EndGlobal
